schema: '2.0'
stages:
  load_data:
    cmd: python3 src/get_data.py --config_path paths.yaml --config_params params.yaml
    deps:
    - path: data_given/car data.csv
      md5: 94d08bd3cf46e3266ad41d935780a5bb
      size: 17209
    - path: src/get_data.py
      md5: a6caa7bc3e0cda2d61276d1d5146719b
      size: 842
    outs:
    - path: data/raw/car_data.csv
      md5: 64092d001464bde0e206769a746ea36a
      size: 18068
  preprocessed_data:
    cmd: python3 src/data_prepo.py --config_path paths.yaml
    deps:
    - path: data/raw/car_data.csv
      md5: 64092d001464bde0e206769a746ea36a
      size: 18068
    - path: src/data_prepo.py
      md5: 8a523741d0c6496f3716a49c6deae0bc
      size: 1014
    outs:
    - path: data/processed/car_data.csv
      md5: 879560c0fed57be97106b6d815382922
      size: 9523
  Trainig_data:
    cmd: python3 src/train_test_evaluate.py --config_path paths.yaml --config_params
      params.yaml
    deps:
    - path: data/processed/car_data.csv
      md5: 879560c0fed57be97106b6d815382922
      size: 9523
    - path: src/train_test_evaluate.py
      md5: 05ff2f01cad8b5e18de17b9d20660d68
      size: 4492
    params:
      params.yaml:
        random_cv.cv: 4
        random_cv.n_estimators.num: 10
        random_cv.n_estimators.start: 100
        random_cv.n_estimators.stop: 1000
        random_cv.n_iter: 5
  log_production_model:
    cmd: python src/log_production_model.py --config=params.yaml
    deps:
    - path: src/log_production_model.py
      md5: d41d8cd98f00b204e9800998ecf8427e
      size: 0
